
Microsoft Visual Studio Solution File, Format Version 12.00
# Visual Studio 15
VisualStudioVersion = 15.0.28307.902
MinimumVisualStudioVersion = 10.0.40219.1
Project("{FAE04EC0-301F-11D3-BF4B-00C04F79EFBC}") = "SPOJ", "SPOJ\SPOJ.csproj", "{731BBB3C-D90A-4A53-8FCD-E6FA634EC4BD}"
EndProject
Project("{2150E333-8FDC-42A3-9474-1A3956D46DE8}") = "Solution Items", "Solution Items", "{086100F7-BCC6-4596-8251-1A9EF70EC694}"
	ProjectSection(SolutionItems) = preProject
		SPOJ\Czy umiesz potęgować.cs = SPOJ\Czy umiesz potęgować.cs
		Flamaster.cs = Flamaster.cs
		SPOJ\Program.cs = SPOJ\Program.cs
		SPOJ\ProsteDodawanie.cs = SPOJ\ProsteDodawanie.cs
		SPOJ\Przedszkolanka.cs = SPOJ\Przedszkolanka.cs
	EndProjectSection
EndProject
Global
	GlobalSection(SolutionConfigurationPlatforms) = preSolution
		Debug|Any CPU = Debug|Any CPU
		Release|Any CPU = Release|Any CPU
	EndGlobalSection
	GlobalSection(ProjectConfigurationPlatforms) = postSolution
		{731BBB3C-D90A-4A53-8FCD-E6FA634EC4BD}.Debug|Any CPU.ActiveCfg = Debug|Any CPU
		{731BBB3C-D90A-4A53-8FCD-E6FA634EC4BD}.Debug|Any CPU.Build.0 = Debug|Any CPU
		{731BBB3C-D90A-4A53-8FCD-E6FA634EC4BD}.Release|Any CPU.ActiveCfg = Release|Any CPU
		{731BBB3C-D90A-4A53-8FCD-E6FA634EC4BD}.Release|Any CPU.Build.0 = Release|Any CPU
	EndGlobalSection
	GlobalSection(SolutionProperties) = preSolution
		HideSolutionNode = FALSE
	EndGlobalSection
	GlobalSection(ExtensibilityGlobals) = postSolution
		SolutionGuid = {D2B63C63-0678-4F92-B09A-518FCD232E70}
	EndGlobalSection
EndGlobal
